
Microsoft Visual Studio Solution File, Format Version 12.00
# Visual Studio Version 16
VisualStudioVersion = 16.0.30503.244
MinimumVisualStudioVersion = 10.0.40219.1
Project("{FAE04EC0-301F-11D3-BF4B-00C04F79EFBC}") = "梁大炮", "梁大炮\梁大炮.csproj", "{0B618F5C-56AF-4E2B-AB7F-34F0FFC1A238}"
EndProject
Global
	GlobalSection(SolutionConfigurationPlatforms) = preSolution
		Debug|Any CPU = Debug|Any CPU
		Release|Any CPU = Release|Any CPU
	EndGlobalSection
	GlobalSection(ProjectConfigurationPlatforms) = postSolution
		{0B618F5C-56AF-4E2B-AB7F-34F0FFC1A238}.Debug|Any CPU.ActiveCfg = Debug|Any CPU
		{0B618F5C-56AF-4E2B-AB7F-34F0FFC1A238}.Debug|Any CPU.Build.0 = Debug|Any CPU
		{0B618F5C-56AF-4E2B-AB7F-34F0FFC1A238}.Release|Any CPU.ActiveCfg = Release|Any CPU
		{0B618F5C-56AF-4E2B-AB7F-34F0FFC1A238}.Release|Any CPU.Build.0 = Release|Any CPU
	EndGlobalSection
	GlobalSection(SolutionProperties) = preSolution
		HideSolutionNode = FALSE
	EndGlobalSection
	GlobalSection(ExtensibilityGlobals) = postSolution
		SolutionGuid = {425C0943-48EB-451D-92A2-10310C6B72B1}
	EndGlobalSection
EndGlobal
